
Microsoft Visual Studio Solution File, Format Version 12.00
# Visual Studio Version 17
VisualStudioVersion = 17.10.35122.118
MinimumVisualStudioVersion = 10.0.40219.1
Project("{888888A0-9F3D-457C-B088-3A5042F75D52}") = "frogshare", "frogshare\frogshare.pyproj", "{94FC025D-A041-468D-A453-12EA66659C2D}"
EndProject
Global
	GlobalSection(SolutionConfigurationPlatforms) = preSolution
		Debug|Any CPU = Debug|Any CPU
		Release|Any CPU = Release|Any CPU
	EndGlobalSection
	GlobalSection(ProjectConfigurationPlatforms) = postSolution
		{94FC025D-A041-468D-A453-12EA66659C2D}.Debug|Any CPU.ActiveCfg = Debug|Any CPU
		{94FC025D-A041-468D-A453-12EA66659C2D}.Debug|Any CPU.Build.0 = Debug|Any CPU
		{94FC025D-A041-468D-A453-12EA66659C2D}.Release|Any CPU.ActiveCfg = Release|Any CPU
		{94FC025D-A041-468D-A453-12EA66659C2D}.Release|Any CPU.Build.0 = Release|Any CPU
	EndGlobalSection
	GlobalSection(SolutionProperties) = preSolution
		HideSolutionNode = FALSE
	EndGlobalSection
	GlobalSection(ExtensibilityGlobals) = postSolution
		SolutionGuid = {98FA2711-ECB2-4524-B360-1A3C3785F74F}
	EndGlobalSection
EndGlobal
